
Microsoft Visual Studio Solution File, Format Version 12.00
# Visual Studio Version 16
VisualStudioVersion = 16.0.30114.105
MinimumVisualStudioVersion = 10.0.40219.1
Project("{FAE04EC0-301F-11D3-BF4B-00C04F79EFBC}") = "Core.Application", "src\corePackages\Core.Application\Core.Application.csproj", "{B216DD9C-B75D-4A3F-9F99-93682E38EB59}"
EndProject
Project("{FAE04EC0-301F-11D3-BF4B-00C04F79EFBC}") = "Core.Security", "src\corePackages\Core.Security\Core.Security.csproj", "{36E31C37-6682-4F0D-9F37-298CCDA91A8A}"
EndProject
Project("{FAE04EC0-301F-11D3-BF4B-00C04F79EFBC}") = "Core.CrossCuttingConcers", "src\corePackages\Core.CrossCuttingConcers\Core.CrossCuttingConcers.csproj", "{4C309D87-0672-44FB-98FE-4A8514F1A9BF}"
EndProject
Project("{FAE04EC0-301F-11D3-BF4B-00C04F79EFBC}") = "Core.ElasticSearch", "src\corePackages\Core.ElasticSearch\Core.ElasticSearch.csproj", "{8BBFD82F-A8FF-439C-8DA1-5912CB931005}"
EndProject
Project("{FAE04EC0-301F-11D3-BF4B-00C04F79EFBC}") = "Core.Mailing", "src\corePackages\Core.Mailing\Core.Mailing.csproj", "{36668EDA-4FA9-41A0-BB0D-A94746430AB2}"
EndProject
Project("{FAE04EC0-301F-11D3-BF4B-00C04F79EFBC}") = "Core.Persistence", "src\corePackages\Core.Persistence\Core.Persistence.csproj", "{B67BDF5C-733D-4CCE-9350-1C1DF4B7FC5C}"
EndProject
Project("{FAE04EC0-301F-11D3-BF4B-00C04F79EFBC}") = "Turbo.Application", "src\turboAz\Turbo.Application\Turbo.Application.csproj", "{B4BAC218-ED6F-4A0A-8DC8-F6E3AE96E4B0}"
EndProject
Project("{FAE04EC0-301F-11D3-BF4B-00C04F79EFBC}") = "Turbo.Domain", "src\turboAz\Turbo.Domain\Turbo.Domain.csproj", "{937AE29D-221B-4DAF-A833-3A5F01B76B03}"
EndProject
Project("{FAE04EC0-301F-11D3-BF4B-00C04F79EFBC}") = "Turbo.Infrastructure", "src\turboAz\Turbo.Infrastructure\Turbo.Infrastructure.csproj", "{907880B2-3014-451D-9420-F6139550E2B8}"
EndProject
Project("{FAE04EC0-301F-11D3-BF4B-00C04F79EFBC}") = "Turbo.Persistence", "src\turboAz\Turbo.Persistence\Turbo.Persistence.csproj", "{FD789979-1BB9-4531-A12C-AEC7E6ACDBC0}"
EndProject
Project("{FAE04EC0-301F-11D3-BF4B-00C04F79EFBC}") = "Turbo.WebAPI", "src\turboAz\Turbo.WebAPI\Turbo.WebAPI.csproj", "{95AE4200-1EBE-40FE-89C5-D839A6104395}"
EndProject
Global
	GlobalSection(SolutionConfigurationPlatforms) = preSolution
		Debug|Any CPU = Debug|Any CPU
		Release|Any CPU = Release|Any CPU
	EndGlobalSection
	GlobalSection(SolutionProperties) = preSolution
		HideSolutionNode = FALSE
	EndGlobalSection
	GlobalSection(ProjectConfigurationPlatforms) = postSolution
		{B216DD9C-B75D-4A3F-9F99-93682E38EB59}.Debug|Any CPU.ActiveCfg = Debug|Any CPU
		{B216DD9C-B75D-4A3F-9F99-93682E38EB59}.Debug|Any CPU.Build.0 = Debug|Any CPU
		{B216DD9C-B75D-4A3F-9F99-93682E38EB59}.Release|Any CPU.ActiveCfg = Release|Any CPU
		{B216DD9C-B75D-4A3F-9F99-93682E38EB59}.Release|Any CPU.Build.0 = Release|Any CPU
		{36E31C37-6682-4F0D-9F37-298CCDA91A8A}.Debug|Any CPU.ActiveCfg = Debug|Any CPU
		{36E31C37-6682-4F0D-9F37-298CCDA91A8A}.Debug|Any CPU.Build.0 = Debug|Any CPU
		{36E31C37-6682-4F0D-9F37-298CCDA91A8A}.Release|Any CPU.ActiveCfg = Release|Any CPU
		{36E31C37-6682-4F0D-9F37-298CCDA91A8A}.Release|Any CPU.Build.0 = Release|Any CPU
		{4C309D87-0672-44FB-98FE-4A8514F1A9BF}.Debug|Any CPU.ActiveCfg = Debug|Any CPU
		{4C309D87-0672-44FB-98FE-4A8514F1A9BF}.Debug|Any CPU.Build.0 = Debug|Any CPU
		{4C309D87-0672-44FB-98FE-4A8514F1A9BF}.Release|Any CPU.ActiveCfg = Release|Any CPU
		{4C309D87-0672-44FB-98FE-4A8514F1A9BF}.Release|Any CPU.Build.0 = Release|Any CPU
		{8BBFD82F-A8FF-439C-8DA1-5912CB931005}.Debug|Any CPU.ActiveCfg = Debug|Any CPU
		{8BBFD82F-A8FF-439C-8DA1-5912CB931005}.Debug|Any CPU.Build.0 = Debug|Any CPU
		{8BBFD82F-A8FF-439C-8DA1-5912CB931005}.Release|Any CPU.ActiveCfg = Release|Any CPU
		{8BBFD82F-A8FF-439C-8DA1-5912CB931005}.Release|Any CPU.Build.0 = Release|Any CPU
		{36668EDA-4FA9-41A0-BB0D-A94746430AB2}.Debug|Any CPU.ActiveCfg = Debug|Any CPU
		{36668EDA-4FA9-41A0-BB0D-A94746430AB2}.Debug|Any CPU.Build.0 = Debug|Any CPU
		{36668EDA-4FA9-41A0-BB0D-A94746430AB2}.Release|Any CPU.ActiveCfg = Release|Any CPU
		{36668EDA-4FA9-41A0-BB0D-A94746430AB2}.Release|Any CPU.Build.0 = Release|Any CPU
		{B67BDF5C-733D-4CCE-9350-1C1DF4B7FC5C}.Debug|Any CPU.ActiveCfg = Debug|Any CPU
		{B67BDF5C-733D-4CCE-9350-1C1DF4B7FC5C}.Debug|Any CPU.Build.0 = Debug|Any CPU
		{B67BDF5C-733D-4CCE-9350-1C1DF4B7FC5C}.Release|Any CPU.ActiveCfg = Release|Any CPU
		{B67BDF5C-733D-4CCE-9350-1C1DF4B7FC5C}.Release|Any CPU.Build.0 = Release|Any CPU
		{B4BAC218-ED6F-4A0A-8DC8-F6E3AE96E4B0}.Debug|Any CPU.ActiveCfg = Debug|Any CPU
		{B4BAC218-ED6F-4A0A-8DC8-F6E3AE96E4B0}.Debug|Any CPU.Build.0 = Debug|Any CPU
		{B4BAC218-ED6F-4A0A-8DC8-F6E3AE96E4B0}.Release|Any CPU.ActiveCfg = Release|Any CPU
		{B4BAC218-ED6F-4A0A-8DC8-F6E3AE96E4B0}.Release|Any CPU.Build.0 = Release|Any CPU
		{937AE29D-221B-4DAF-A833-3A5F01B76B03}.Debug|Any CPU.ActiveCfg = Debug|Any CPU
		{937AE29D-221B-4DAF-A833-3A5F01B76B03}.Debug|Any CPU.Build.0 = Debug|Any CPU
		{937AE29D-221B-4DAF-A833-3A5F01B76B03}.Release|Any CPU.ActiveCfg = Release|Any CPU
		{937AE29D-221B-4DAF-A833-3A5F01B76B03}.Release|Any CPU.Build.0 = Release|Any CPU
		{907880B2-3014-451D-9420-F6139550E2B8}.Debug|Any CPU.ActiveCfg = Debug|Any CPU
		{907880B2-3014-451D-9420-F6139550E2B8}.Debug|Any CPU.Build.0 = Debug|Any CPU
		{907880B2-3014-451D-9420-F6139550E2B8}.Release|Any CPU.ActiveCfg = Release|Any CPU
		{907880B2-3014-451D-9420-F6139550E2B8}.Release|Any CPU.Build.0 = Release|Any CPU
		{FD789979-1BB9-4531-A12C-AEC7E6ACDBC0}.Debug|Any CPU.ActiveCfg = Debug|Any CPU
		{FD789979-1BB9-4531-A12C-AEC7E6ACDBC0}.Debug|Any CPU.Build.0 = Debug|Any CPU
		{FD789979-1BB9-4531-A12C-AEC7E6ACDBC0}.Release|Any CPU.ActiveCfg = Release|Any CPU
		{FD789979-1BB9-4531-A12C-AEC7E6ACDBC0}.Release|Any CPU.Build.0 = Release|Any CPU
		{95AE4200-1EBE-40FE-89C5-D839A6104395}.Debug|Any CPU.ActiveCfg = Debug|Any CPU
		{95AE4200-1EBE-40FE-89C5-D839A6104395}.Debug|Any CPU.Build.0 = Debug|Any CPU
		{95AE4200-1EBE-40FE-89C5-D839A6104395}.Release|Any CPU.ActiveCfg = Release|Any CPU
		{95AE4200-1EBE-40FE-89C5-D839A6104395}.Release|Any CPU.Build.0 = Release|Any CPU
	EndGlobalSection
	GlobalSection(NestedProjects) = preSolution
		{466FBF61-52BA-46A0-834A-0F764AC450EC} = {98C8A389-4CCB-4E2C-B97D-A81FB451C8EA}
		{B216DD9C-B75D-4A3F-9F99-93682E38EB59} = {466FBF61-52BA-46A0-834A-0F764AC450EC}
		{36E31C37-6682-4F0D-9F37-298CCDA91A8A} = {466FBF61-52BA-46A0-834A-0F764AC450EC}
		{4C309D87-0672-44FB-98FE-4A8514F1A9BF} = {466FBF61-52BA-46A0-834A-0F764AC450EC}
		{8BBFD82F-A8FF-439C-8DA1-5912CB931005} = {466FBF61-52BA-46A0-834A-0F764AC450EC}
		{36668EDA-4FA9-41A0-BB0D-A94746430AB2} = {466FBF61-52BA-46A0-834A-0F764AC450EC}
		{B67BDF5C-733D-4CCE-9350-1C1DF4B7FC5C} = {466FBF61-52BA-46A0-834A-0F764AC450EC}
		{66A5E335-B64D-4B0B-939C-6B16B13FDEC7} = {98C8A389-4CCB-4E2C-B97D-A81FB451C8EA}
		{B4BAC218-ED6F-4A0A-8DC8-F6E3AE96E4B0} = {66A5E335-B64D-4B0B-939C-6B16B13FDEC7}
		{937AE29D-221B-4DAF-A833-3A5F01B76B03} = {66A5E335-B64D-4B0B-939C-6B16B13FDEC7}
		{907880B2-3014-451D-9420-F6139550E2B8} = {66A5E335-B64D-4B0B-939C-6B16B13FDEC7}
		{FD789979-1BB9-4531-A12C-AEC7E6ACDBC0} = {66A5E335-B64D-4B0B-939C-6B16B13FDEC7}
		{95AE4200-1EBE-40FE-89C5-D839A6104395} = {66A5E335-B64D-4B0B-939C-6B16B13FDEC7}
	EndGlobalSection
EndGlobal
